
Microsoft Visual Studio Solution File, Format Version 12.00
# Visual Studio Version 17
VisualStudioVersion = 17.0.31903.59
MinimumVisualStudioVersion = 10.0.40219.1
Project("{FAE04EC0-301F-11D3-BF4B-00C04F79EFBC}") = "KeyVaultLite.Api", "KeyVaultLite.Api\KeyVaultLite.Api.csproj", "{1F023753-B1B3-4913-920C-96A2C81416E7}"
EndProject
Project("{FAE04EC0-301F-11D3-BF4B-00C04F79EFBC}") = "KeyVaultLite.Client", "KeyVaultLite.Client\KeyVaultLite.Client.csproj", "{245F755E-4437-44D9-8D0A-57C0D648AB44}"
EndProject
Project("{FAE04EC0-301F-11D3-BF4B-00C04F79EFBC}") = "KeyVaultLite.Domain", "KeyVaultLite.Domain\KeyVaultLite.Domain.csproj", "{487263FE-5309-476B-940D-87DA1FFA2B38}"
EndProject
Project("{FAE04EC0-301F-11D3-BF4B-00C04F79EFBC}") = "KeyVaultLite.Persistence", "KeyVaultLite.Persistence\KeyVaultLite.Persistence.csproj", "{C7604BA3-D749-373C-4B4D-1DB8BB7F8970}"
EndProject
Project("{FAE04EC0-301F-11D3-BF4B-00C04F79EFBC}") = "KeyVaultLite.Application", "KeyVaultLite.Application\KeyVaultLite.Application.csproj", "{658652AB-D94C-4DC7-A8BE-A8802D7B5E95}"
EndProject
Global
	GlobalSection(SolutionConfigurationPlatforms) = preSolution
		Debug|Any CPU = Debug|Any CPU
		Release|Any CPU = Release|Any CPU
	EndGlobalSection
	GlobalSection(ProjectConfigurationPlatforms) = postSolution
		{1F023753-B1B3-4913-920C-96A2C81416E7}.Debug|Any CPU.ActiveCfg = Debug|Any CPU
		{1F023753-B1B3-4913-920C-96A2C81416E7}.Debug|Any CPU.Build.0 = Debug|Any CPU
		{1F023753-B1B3-4913-920C-96A2C81416E7}.Release|Any CPU.ActiveCfg = Release|Any CPU
		{1F023753-B1B3-4913-920C-96A2C81416E7}.Release|Any CPU.Build.0 = Release|Any CPU
		{245F755E-4437-44D9-8D0A-57C0D648AB44}.Debug|Any CPU.ActiveCfg = Debug|Any CPU
		{245F755E-4437-44D9-8D0A-57C0D648AB44}.Debug|Any CPU.Build.0 = Debug|Any CPU
		{245F755E-4437-44D9-8D0A-57C0D648AB44}.Release|Any CPU.ActiveCfg = Release|Any CPU
		{245F755E-4437-44D9-8D0A-57C0D648AB44}.Release|Any CPU.Build.0 = Release|Any CPU
		{487263FE-5309-476B-940D-87DA1FFA2B38}.Debug|Any CPU.ActiveCfg = Debug|Any CPU
		{487263FE-5309-476B-940D-87DA1FFA2B38}.Debug|Any CPU.Build.0 = Debug|Any CPU
		{487263FE-5309-476B-940D-87DA1FFA2B38}.Release|Any CPU.ActiveCfg = Release|Any CPU
		{487263FE-5309-476B-940D-87DA1FFA2B38}.Release|Any CPU.Build.0 = Release|Any CPU
		{C7604BA3-D749-373C-4B4D-1DB8BB7F8970}.Debug|Any CPU.ActiveCfg = Debug|Any CPU
		{C7604BA3-D749-373C-4B4D-1DB8BB7F8970}.Debug|Any CPU.Build.0 = Debug|Any CPU
		{C7604BA3-D749-373C-4B4D-1DB8BB7F8970}.Release|Any CPU.ActiveCfg = Release|Any CPU
		{C7604BA3-D749-373C-4B4D-1DB8BB7F8970}.Release|Any CPU.Build.0 = Release|Any CPU
		{658652AB-D94C-4DC7-A8BE-A8802D7B5E95}.Debug|Any CPU.ActiveCfg = Debug|Any CPU
		{658652AB-D94C-4DC7-A8BE-A8802D7B5E95}.Debug|Any CPU.Build.0 = Debug|Any CPU
		{658652AB-D94C-4DC7-A8BE-A8802D7B5E95}.Release|Any CPU.ActiveCfg = Release|Any CPU
		{658652AB-D94C-4DC7-A8BE-A8802D7B5E95}.Release|Any CPU.Build.0 = Release|Any CPU
	EndGlobalSection
	GlobalSection(SolutionProperties) = preSolution
		HideSolutionNode = FALSE
	EndGlobalSection
	GlobalSection(ExtensibilityGlobals) = postSolution
		SolutionGuid = {63AA97A7-DF8F-4A03-B708-46DC865359CE}
	EndGlobalSection
EndGlobal
